
Microsoft Visual Studio Solution File, Format Version 12.00
# Visual Studio Version 17
VisualStudioVersion = 17.3.32929.385
MinimumVisualStudioVersion = 10.0.40219.1
Project("{FAE04EC0-301F-11D3-BF4B-00C04F79EFBC}") = "Disorder", "Disorder.csproj", "{ACDFD14F-C8E4-4E7D-9501-7203C371CB4F}"
EndProject
Global
	GlobalSection(SolutionConfigurationPlatforms) = preSolution
		Debug|arm64 = Debug|arm64
		Debug|x64 = Debug|x64
		Debug|x86 = Debug|x86
		Release|arm64 = Release|arm64
		Release|x64 = Release|x64
		Release|x86 = Release|x86
	EndGlobalSection
	GlobalSection(ProjectConfigurationPlatforms) = postSolution
		{ACDFD14F-C8E4-4E7D-9501-7203C371CB4F}.Debug|arm64.ActiveCfg = Debug|arm64
		{ACDFD14F-C8E4-4E7D-9501-7203C371CB4F}.Debug|arm64.Build.0 = Debug|arm64
		{ACDFD14F-C8E4-4E7D-9501-7203C371CB4F}.Debug|arm64.Deploy.0 = Debug|arm64
		{ACDFD14F-C8E4-4E7D-9501-7203C371CB4F}.Debug|x64.ActiveCfg = Debug|x64
		{ACDFD14F-C8E4-4E7D-9501-7203C371CB4F}.Debug|x64.Build.0 = Debug|x64
		{ACDFD14F-C8E4-4E7D-9501-7203C371CB4F}.Debug|x64.Deploy.0 = Debug|x64
		{ACDFD14F-C8E4-4E7D-9501-7203C371CB4F}.Debug|x86.ActiveCfg = Debug|x86
		{ACDFD14F-C8E4-4E7D-9501-7203C371CB4F}.Debug|x86.Build.0 = Debug|x86
		{ACDFD14F-C8E4-4E7D-9501-7203C371CB4F}.Debug|x86.Deploy.0 = Debug|x86
		{ACDFD14F-C8E4-4E7D-9501-7203C371CB4F}.Release|arm64.ActiveCfg = Release|arm64
		{ACDFD14F-C8E4-4E7D-9501-7203C371CB4F}.Release|arm64.Build.0 = Release|arm64
		{ACDFD14F-C8E4-4E7D-9501-7203C371CB4F}.Release|arm64.Deploy.0 = Release|arm64
		{ACDFD14F-C8E4-4E7D-9501-7203C371CB4F}.Release|x64.ActiveCfg = Release|x64
		{ACDFD14F-C8E4-4E7D-9501-7203C371CB4F}.Release|x64.Build.0 = Release|x64
		{ACDFD14F-C8E4-4E7D-9501-7203C371CB4F}.Release|x64.Deploy.0 = Release|x64
		{ACDFD14F-C8E4-4E7D-9501-7203C371CB4F}.Release|x86.ActiveCfg = Release|x86
		{ACDFD14F-C8E4-4E7D-9501-7203C371CB4F}.Release|x86.Build.0 = Release|x86
		{ACDFD14F-C8E4-4E7D-9501-7203C371CB4F}.Release|x86.Deploy.0 = Release|x86
	EndGlobalSection
	GlobalSection(SolutionProperties) = preSolution
		HideSolutionNode = FALSE
	EndGlobalSection
	GlobalSection(ExtensibilityGlobals) = postSolution
		SolutionGuid = {2B1A5E04-7116-49BB-914D-790ACDC4685D}
	EndGlobalSection
EndGlobal
